
Microsoft Visual Studio Solution File, Format Version 12.00
# Visual Studio Version 17
VisualStudioVersion = 17.5.33530.505
MinimumVisualStudioVersion = 10.0.40219.1
Project("{9A19103F-16F7-4668-BE54-9A1E7A4F7556}") = "BusinessCostPriceWPF", "BusinessCostPriceWPF\BusinessCostPriceWPF.csproj", "{5C124A11-6A3C-4445-AC2A-20EC68271C3E}"
EndProject
Global
	GlobalSection(SolutionConfigurationPlatforms) = preSolution
		Debug|Any CPU = Debug|Any CPU
		Release|Any CPU = Release|Any CPU
	EndGlobalSection
	GlobalSection(ProjectConfigurationPlatforms) = postSolution
		{5C124A11-6A3C-4445-AC2A-20EC68271C3E}.Debug|Any CPU.ActiveCfg = Debug|Any CPU
		{5C124A11-6A3C-4445-AC2A-20EC68271C3E}.Debug|Any CPU.Build.0 = Debug|Any CPU
		{5C124A11-6A3C-4445-AC2A-20EC68271C3E}.Release|Any CPU.ActiveCfg = Release|Any CPU
		{5C124A11-6A3C-4445-AC2A-20EC68271C3E}.Release|Any CPU.Build.0 = Release|Any CPU
	EndGlobalSection
	GlobalSection(SolutionProperties) = preSolution
		HideSolutionNode = FALSE
	EndGlobalSection
	GlobalSection(ExtensibilityGlobals) = postSolution
		SolutionGuid = {41BCCB71-15AC-40D8-94A9-2354A089F273}
	EndGlobalSection
EndGlobal
